
Microsoft Visual Studio Solution File, Format Version 12.00
# Visual Studio 15
VisualStudioVersion = 15.0.28307.757
MinimumVisualStudioVersion = 10.0.40219.1
Project("{FAE04EC0-301F-11D3-BF4B-00C04F79EFBC}") = "VSOWorkBot", "VSOWorkBot\VSOWorkBot.csproj", "{5E40DAF2-5446-4C50-BB1F-D388063AFAF8}"
EndProject
Project("{FAE04EC0-301F-11D3-BF4B-00C04F79EFBC}") = "VSOWorkBot.Tests", "VSOWorkBot.Tests\VSOWorkBot.Tests.csproj", "{CA4D9D77-CD01-422F-99F8-FD3AAFDC0B0D}"
EndProject
Global
	GlobalSection(SolutionConfigurationPlatforms) = preSolution
		Debug|Any CPU = Debug|Any CPU
		Release|Any CPU = Release|Any CPU
	EndGlobalSection
	GlobalSection(ProjectConfigurationPlatforms) = postSolution
		{5E40DAF2-5446-4C50-BB1F-D388063AFAF8}.Debug|Any CPU.ActiveCfg = Debug|Any CPU
		{5E40DAF2-5446-4C50-BB1F-D388063AFAF8}.Debug|Any CPU.Build.0 = Debug|Any CPU
		{5E40DAF2-5446-4C50-BB1F-D388063AFAF8}.Release|Any CPU.ActiveCfg = Release|Any CPU
		{5E40DAF2-5446-4C50-BB1F-D388063AFAF8}.Release|Any CPU.Build.0 = Release|Any CPU
		{CA4D9D77-CD01-422F-99F8-FD3AAFDC0B0D}.Debug|Any CPU.ActiveCfg = Debug|Any CPU
		{CA4D9D77-CD01-422F-99F8-FD3AAFDC0B0D}.Debug|Any CPU.Build.0 = Debug|Any CPU
		{CA4D9D77-CD01-422F-99F8-FD3AAFDC0B0D}.Release|Any CPU.ActiveCfg = Release|Any CPU
		{CA4D9D77-CD01-422F-99F8-FD3AAFDC0B0D}.Release|Any CPU.Build.0 = Release|Any CPU
	EndGlobalSection
	GlobalSection(SolutionProperties) = preSolution
		HideSolutionNode = FALSE
	EndGlobalSection
	GlobalSection(ExtensibilityGlobals) = postSolution
		SolutionGuid = {4E4D884B-EF68-4BFB-8B87-85650A1D3BEB}
	EndGlobalSection
EndGlobal
